// !$*UTF8*$!
{
	archiveVersion = 1;
	classes = {
	};
	objectVersion = 46;
	objects = {

/* Begin PBXBuildFile section */
		172D1CA61C8D00200066E92B /* close_menu_iphone.png in Resources */ = {isa = PBXBuildFile; fileRef = 172D1CA21C8D00200066E92B /* close_menu_iphone.png */; };
		172D1CA71C8D00200066E92B /* JCCrescentMenu.m in Sources */ = {isa = PBXBuildFile; fileRef = 172D1CA41C8D00200066E92B /* JCCrescentMenu.m */; };
		172D1CA81C8D00200066E92B /* open_menu_iphone.png in Resources */ = {isa = PBXBuildFile; fileRef = 172D1CA51C8D00200066E92B /* open_menu_iphone.png */; };
		172D1CBC1C8D003A0066E92B /* AppDelegate.m in Sources */ = {isa = PBXBuildFile; fileRef = 172D1CAB1C8D003A0066E92B /* AppDelegate.m */; };
		172D1CBD1C8D003A0066E92B /* Assets.xcassets in Resources */ = {isa = PBXBuildFile; fileRef = 172D1CAC1C8D003A0066E92B /* Assets.xcassets */; };
		172D1CBE1C8D003A0066E92B /* LaunchScreen.storyboard in Resources */ = {isa = PBXBuildFile; fileRef = 172D1CAD1C8D003A0066E92B /* LaunchScreen.storyboard */; };
		172D1CBF1C8D003A0066E92B /* Main.storyboard in Resources */ = {isa = PBXBuildFile; fileRef = 172D1CAF1C8D003A0066E92B /* Main.storyboard */; };
		172D1CC01C8D003A0066E92B /* glyphicons-101-font.png in Resources */ = {isa = PBXBuildFile; fileRef = 172D1CB21C8D003A0066E92B /* glyphicons-101-font.png */; };
		172D1CC11C8D003A0066E92B /* glyphicons-102-italic.png in Resources */ = {isa = PBXBuildFile; fileRef = 172D1CB31C8D003A0066E92B /* glyphicons-102-italic.png */; };
		172D1CC21C8D003A0066E92B /* glyphicons-103-bold.png in Resources */ = {isa = PBXBuildFile; fileRef = 172D1CB41C8D003A0066E92B /* glyphicons-103-bold.png */; };
		172D1CC31C8D003A0066E92B /* glyphicons-104-text-underline.png in Resources */ = {isa = PBXBuildFile; fileRef = 172D1CB51C8D003A0066E92B /* glyphicons-104-text-underline.png */; };
		172D1CC41C8D003A0066E92B /* glyphicons-105-text-strike.png in Resources */ = {isa = PBXBuildFile; fileRef = 172D1CB61C8D003A0066E92B /* glyphicons-105-text-strike.png */; };
		172D1CC51C8D003A0066E92B /* glyphicons-281-settings.png in Resources */ = {isa = PBXBuildFile; fileRef = 172D1CB71C8D003A0066E92B /* glyphicons-281-settings.png */; };
		172D1CC61C8D003A0066E92B /* Info.plist in Resources */ = {isa = PBXBuildFile; fileRef = 172D1CB81C8D003A0066E92B /* Info.plist */; };
		172D1CC71C8D003A0066E92B /* main.m in Sources */ = {isa = PBXBuildFile; fileRef = 172D1CB91C8D003A0066E92B /* main.m */; };
		172D1CC81C8D003A0066E92B /* ViewController.m in Sources */ = {isa = PBXBuildFile; fileRef = 172D1CBB1C8D003A0066E92B /* ViewController.m */; };
		172D1CD61C8D18CA0066E92B /* glyphicons-563-person-walking.png in Resources */ = {isa = PBXBuildFile; fileRef = 172D1CD51C8D18CA0066E92B /* glyphicons-563-person-walking.png */; };
		172D1CD81C8D18DA0066E92B /* glyphicons-569-taxi.png in Resources */ = {isa = PBXBuildFile; fileRef = 172D1CD71C8D18DA0066E92B /* glyphicons-569-taxi.png */; };
		172D1CDA1C8D19080066E92B /* glyphicons-39-plane.png in Resources */ = {isa = PBXBuildFile; fileRef = 172D1CD91C8D19080066E92B /* glyphicons-39-plane.png */; };
		172D1CDC1C8D191C0066E92B /* glyphicons-32-bus.png in Resources */ = {isa = PBXBuildFile; fileRef = 172D1CDB1C8D191C0066E92B /* glyphicons-32-bus.png */; };
		172D1CDE1C8D194F0066E92B /* glyphicons-307-bicycle.png in Resources */ = {isa = PBXBuildFile; fileRef = 172D1CDD1C8D194F0066E92B /* glyphicons-307-bicycle.png */; };
		172D1CE01C8D196E0066E92B /* glyphicons-775-directions.png in Resources */ = {isa = PBXBuildFile; fileRef = 172D1CDF1C8D196E0066E92B /* glyphicons-775-directions.png */; };
		172D1CE41C8DEEC10066E92B /* JCCrescentMenuAllOpen.tiff in Resources */ = {isa = PBXBuildFile; fileRef = 172D1CE11C8DEEC10066E92B /* JCCrescentMenuAllOpen.tiff */; };
		172D1CE51C8DEEC10066E92B /* JCCrescentMenuClose.gif in Resources */ = {isa = PBXBuildFile; fileRef = 172D1CE21C8DEEC10066E92B /* JCCrescentMenuClose.gif */; };
		172D1CE61C8DEEC10066E92B /* JCCrescentMenuOpen.gif in Resources */ = {isa = PBXBuildFile; fileRef = 172D1CE31C8DEEC10066E92B /* JCCrescentMenuOpen.gif */; };
		17C208F51C21F022004005FC /* JCCrescentMenuTests.m in Sources */ = {isa = PBXBuildFile; fileRef = 17C208F41C21F022004005FC /* JCCrescentMenuTests.m */; };
		17C209001C21F022004005FC /* JCCrescentMenuUITests.m in Sources */ = {isa = PBXBuildFile; fileRef = 17C208FF1C21F022004005FC /* JCCrescentMenuUITests.m */; };
/* End PBXBuildFile section */

/* Begin PBXContainerItemProxy section */
		17C208F11C21F022004005FC /* PBXContainerItemProxy */ = {
			isa = PBXContainerItemProxy;
			containerPortal = 17C208CF1C21F022004005FC /* Project object */;
			proxyType = 1;
			remoteGlobalIDString = 17C208D61C21F022004005FC;
			remoteInfo = JCCrescentMenu;
		};
		17C208FC1C21F022004005FC /* PBXContainerItemProxy */ = {
			isa = PBXContainerItemProxy;
			containerPortal = 17C208CF1C21F022004005FC /* Project object */;
			proxyType = 1;
			remoteGlobalIDString = 17C208D61C21F022004005FC;
			remoteInfo = JCCrescentMenu;
		};
/* End PBXContainerItemProxy section */

/* Begin PBXFileReference section */
		172D1CA21C8D00200066E92B /* close_menu_iphone.png */ = {isa = PBXFileReference; lastKnownFileType = image.png; path = close_menu_iphone.png; sourceTree = "<group>"; };
		172D1CA31C8D00200066E92B /* JCCrescentMenu.h */ = {isa = PBXFileReference; fileEncoding = 4; lastKnownFileType = sourcecode.c.h; path = JCCrescentMenu.h; sourceTree = "<group>"; };
		172D1CA41C8D00200066E92B /* JCCrescentMenu.m */ = {isa = PBXFileReference; fileEncoding = 4; lastKnownFileType = sourcecode.c.objc; path = JCCrescentMenu.m; sourceTree = "<group>"; };
		172D1CA51C8D00200066E92B /* open_menu_iphone.png */ = {isa = PBXFileReference; lastKnownFileType = image.png; path = open_menu_iphone.png; sourceTree = "<group>"; };
		172D1CAA1C8D003A0066E92B /* AppDelegate.h */ = {isa = PBXFileReference; fileEncoding = 4; lastKnownFileType = sourcecode.c.h; path = AppDelegate.h; sourceTree = "<group>"; };
		172D1CAB1C8D003A0066E92B /* AppDelegate.m */ = {isa = PBXFileReference; fileEncoding = 4; lastKnownFileType = sourcecode.c.objc; path = AppDelegate.m; sourceTree = "<group>"; };
		172D1CAC1C8D003A0066E92B /* Assets.xcassets */ = {isa = PBXFileReference; lastKnownFileType = folder.assetcatalog; path = Assets.xcassets; sourceTree = "<group>"; };
		172D1CAE1C8D003A0066E92B /* Base */ = {isa = PBXFileReference; lastKnownFileType = file.storyboard; name = Base; path = Base.lproj/LaunchScreen.storyboard; sourceTree = "<group>"; };
		172D1CB01C8D003A0066E92B /* Base */ = {isa = PBXFileReference; lastKnownFileType = file.storyboard; name = Base; path = Base.lproj/Main.storyboard; sourceTree = "<group>"; };
		172D1CB21C8D003A0066E92B /* glyphicons-101-font.png */ = {isa = PBXFileReference; lastKnownFileType = image.png; path = "glyphicons-101-font.png"; sourceTree = "<group>"; };
		172D1CB31C8D003A0066E92B /* glyphicons-102-italic.png */ = {isa = PBXFileReference; lastKnownFileType = image.png; path = "glyphicons-102-italic.png"; sourceTree = "<group>"; };
		172D1CB41C8D003A0066E92B /* glyphicons-103-bold.png */ = {isa = PBXFileReference; lastKnownFileType = image.png; path = "glyphicons-103-bold.png"; sourceTree = "<group>"; };
		172D1CB51C8D003A0066E92B /* glyphicons-104-text-underline.png */ = {isa = PBXFileReference; lastKnownFileType = image.png; path = "glyphicons-104-text-underline.png"; sourceTree = "<group>"; };
		172D1CB61C8D003A0066E92B /* glyphicons-105-text-strike.png */ = {isa = PBXFileReference; lastKnownFileType = image.png; path = "glyphicons-105-text-strike.png"; sourceTree = "<group>"; };
		172D1CB71C8D003A0066E92B /* glyphicons-281-settings.png */ = {isa = PBXFileReference; lastKnownFileType = image.png; path = "glyphicons-281-settings.png"; sourceTree = "<group>"; };
		172D1CB81C8D003A0066E92B /* Info.plist */ = {isa = PBXFileReference; fileEncoding = 4; lastKnownFileType = text.plist.xml; path = Info.plist; sourceTree = "<group>"; };
		172D1CB91C8D003A0066E92B /* main.m */ = {isa = PBXFileReference; fileEncoding = 4; lastKnownFileType = sourcecode.c.objc; path = main.m; sourceTree = "<group>"; };
		172D1CBA1C8D003A0066E92B /* ViewController.h */ = {isa = PBXFileReference; fileEncoding = 4; lastKnownFileType = sourcecode.c.h; path = ViewController.h; sourceTree = "<group>"; };
		172D1CBB1C8D003A0066E92B /* ViewController.m */ = {isa = PBXFileReference; fileEncoding = 4; lastKnownFileType = sourcecode.c.objc; path = ViewController.m; sourceTree = "<group>"; };
		172D1CD51C8D18CA0066E92B /* glyphicons-563-person-walking.png */ = {isa = PBXFileReference; lastKnownFileType = image.png; path = "glyphicons-563-person-walking.png"; sourceTree = "<group>"; };
		172D1CD71C8D18DA0066E92B /* glyphicons-569-taxi.png */ = {isa = PBXFileReference; lastKnownFileType = image.png; path = "glyphicons-569-taxi.png"; sourceTree = "<group>"; };
		172D1CD91C8D19080066E92B /* glyphicons-39-plane.png */ = {isa = PBXFileReference; lastKnownFileType = image.png; path = "glyphicons-39-plane.png"; sourceTree = "<group>"; };
		172D1CDB1C8D191C0066E92B /* glyphicons-32-bus.png */ = {isa = PBXFileReference; lastKnownFileType = image.png; path = "glyphicons-32-bus.png"; sourceTree = "<group>"; };
		172D1CDD1C8D194F0066E92B /* glyphicons-307-bicycle.png */ = {isa = PBXFileReference; lastKnownFileType = image.png; path = "glyphicons-307-bicycle.png"; sourceTree = "<group>"; };
		172D1CDF1C8D196E0066E92B /* glyphicons-775-directions.png */ = {isa = PBXFileReference; lastKnownFileType = image.png; path = "glyphicons-775-directions.png"; sourceTree = "<group>"; };
		172D1CE11C8DEEC10066E92B /* JCCrescentMenuAllOpen.tiff */ = {isa = PBXFileReference; lastKnownFileType = image.tiff; path = JCCrescentMenuAllOpen.tiff; sourceTree = "<group>"; };
		172D1CE21C8DEEC10066E92B /* JCCrescentMenuClose.gif */ = {isa = PBXFileReference; lastKnownFileType = image.gif; path = JCCrescentMenuClose.gif; sourceTree = "<group>"; };
		172D1CE31C8DEEC10066E92B /* JCCrescentMenuOpen.gif */ = {isa = PBXFileReference; lastKnownFileType = image.gif; path = JCCrescentMenuOpen.gif; sourceTree = "<group>"; };
		17C208D71C21F022004005FC /* JCCrescentMenu.app */ = {isa = PBXFileReference; explicitFileType = wrapper.application; includeInIndex = 0; path = JCCrescentMenu.app; sourceTree = BUILT_PRODUCTS_DIR; };
		17C208F01C21F022004005FC /* JCCrescentMenuTests.xctest */ = {isa = PBXFileReference; explicitFileType = wrapper.cfbundle; includeInIndex = 0; path = JCCrescentMenuTests.xctest; sourceTree = BUILT_PRODUCTS_DIR; };
		17C208F41C21F022004005FC /* JCCrescentMenuTests.m */ = {isa = PBXFileReference; lastKnownFileType = sourcecode.c.objc; path = JCCrescentMenuTests.m; sourceTree = "<group>"; };
		17C208F61C21F022004005FC /* Info.plist */ = {isa = PBXFileReference; lastKnownFileType = text.plist.xml; path = Info.plist; sourceTree = "<group>"; };
		17C208FB1C21F022004005FC /* JCCrescentMenuUITests.xctest */ = {isa = PBXFileReference; explicitFileType = wrapper.cfbundle; includeInIndex = 0; path = JCCrescentMenuUITests.xctest; sourceTree = BUILT_PRODUCTS_DIR; };
		17C208FF1C21F022004005FC /* JCCrescentMenuUITests.m */ = {isa = PBXFileReference; lastKnownFileType = sourcecode.c.objc; path = JCCrescentMenuUITests.m; sourceTree = "<group>"; };
		17C209011C21F022004005FC /* Info.plist */ = {isa = PBXFileReference; lastKnownFileType = text.plist.xml; path = Info.plist; sourceTree = "<group>"; };
/* End PBXFileReference section */

/* Begin PBXFrameworksBuildPhase section */
		17C208D41C21F022004005FC /* Frameworks */ = {
			isa = PBXFrameworksBuildPhase;
			buildActionMask = 2147483647;
			files = (
			);
			runOnlyForDeploymentPostprocessing = 0;
		};
		17C208ED1C21F022004005FC /* Frameworks */ = {
			isa = PBXFrameworksBuildPhase;
			buildActionMask = 2147483647;
			files = (
			);
			runOnlyForDeploymentPostprocessing = 0;
		};
		17C208F81C21F022004005FC /* Frameworks */ = {
			isa = PBXFrameworksBuildPhase;
			buildActionMask = 2147483647;
			files = (
			);
			runOnlyForDeploymentPostprocessing = 0;
		};
/* End PBXFrameworksBuildPhase section */

/* Begin PBXGroup section */
		172D1CA11C8D00200066E92B /* JCCrescentMenu */ = {
			isa = PBXGroup;
			children = (
				172D1CA21C8D00200066E92B /* close_menu_iphone.png */,
				172D1CA31C8D00200066E92B /* JCCrescentMenu.h */,
				172D1CA41C8D00200066E92B /* JCCrescentMenu.m */,
				172D1CA51C8D00200066E92B /* open_menu_iphone.png */,
			);
			path = JCCrescentMenu;
			sourceTree = "<group>";
		};
		172D1CA91C8D003A0066E92B /* Example */ = {
			isa = PBXGroup;
			children = (
				172D1CAA1C8D003A0066E92B /* AppDelegate.h */,
				172D1CAB1C8D003A0066E92B /* AppDelegate.m */,
				172D1CAC1C8D003A0066E92B /* Assets.xcassets */,
				172D1CAD1C8D003A0066E92B /* LaunchScreen.storyboard */,
				172D1CAF1C8D003A0066E92B /* Main.storyboard */,
				172D1CB11C8D003A0066E92B /* Images */,
				172D1CB81C8D003A0066E92B /* Info.plist */,
				172D1CB91C8D003A0066E92B /* main.m */,
				172D1CBA1C8D003A0066E92B /* ViewController.h */,
				172D1CBB1C8D003A0066E92B /* ViewController.m */,
			);
			path = Example;
			sourceTree = "<group>";
		};
		172D1CB11C8D003A0066E92B /* Images */ = {
			isa = PBXGroup;
			children = (
				172D1CE11C8DEEC10066E92B /* JCCrescentMenuAllOpen.tiff */,
				172D1CE21C8DEEC10066E92B /* JCCrescentMenuClose.gif */,
				172D1CE31C8DEEC10066E92B /* JCCrescentMenuOpen.gif */,
				172D1CD51C8D18CA0066E92B /* glyphicons-563-person-walking.png */,
				172D1CD71C8D18DA0066E92B /* glyphicons-569-taxi.png */,
				172D1CD91C8D19080066E92B /* glyphicons-39-plane.png */,
				172D1CDB1C8D191C0066E92B /* glyphicons-32-bus.png */,
				172D1CDD1C8D194F0066E92B /* glyphicons-307-bicycle.png */,
				172D1CDF1C8D196E0066E92B /* glyphicons-775-directions.png */,
				172D1CB21C8D003A0066E92B /* glyphicons-101-font.png */,
				172D1CB31C8D003A0066E92B /* glyphicons-102-italic.png */,
				172D1CB41C8D003A0066E92B /* glyphicons-103-bold.png */,
				172D1CB51C8D003A0066E92B /* glyphicons-104-text-underline.png */,
				172D1CB61C8D003A0066E92B /* glyphicons-105-text-strike.png */,
				172D1CB71C8D003A0066E92B /* glyphicons-281-settings.png */,
			);
			path = Images;
			sourceTree = "<group>";
		};
		17C208CE1C21F022004005FC = {
			isa = PBXGroup;
			children = (
				17C208D91C21F022004005FC /* JCCrescentMenu */,
				17C208F31C21F022004005FC /* JCCrescentMenuTests */,
				17C208FE1C21F022004005FC /* JCCrescentMenuUITests */,
				17C208D81C21F022004005FC /* Products */,
			);
			sourceTree = "<group>";
		};
		17C208D81C21F022004005FC /* Products */ = {
			isa = PBXGroup;
			children = (
				17C208D71C21F022004005FC /* JCCrescentMenu.app */,
				17C208F01C21F022004005FC /* JCCrescentMenuTests.xctest */,
				17C208FB1C21F022004005FC /* JCCrescentMenuUITests.xctest */,
			);
			name = Products;
			sourceTree = "<group>";
		};
		17C208D91C21F022004005FC /* JCCrescentMenu */ = {
			isa = PBXGroup;
			children = (
				172D1CA91C8D003A0066E92B /* Example */,
				172D1CA11C8D00200066E92B /* JCCrescentMenu */,
			);
			path = JCCrescentMenu;
			sourceTree = "<group>";
		};
		17C208F31C21F022004005FC /* JCCrescentMenuTests */ = {
			isa = PBXGroup;
			children = (
				17C208F41C21F022004005FC /* JCCrescentMenuTests.m */,
				17C208F61C21F022004005FC /* Info.plist */,
			);
			path = JCCrescentMenuTests;
			sourceTree = "<group>";
		};
		17C208FE1C21F022004005FC /* JCCrescentMenuUITests */ = {
			isa = PBXGroup;
			children = (
				17C208FF1C21F022004005FC /* JCCrescentMenuUITests.m */,
				17C209011C21F022004005FC /* Info.plist */,
			);
			path = JCCrescentMenuUITests;
			sourceTree = "<group>";
		};
/* End PBXGroup section */

/* Begin PBXNativeTarget section */
		17C208D61C21F022004005FC /* JCCrescentMenu */ = {
			isa = PBXNativeTarget;
			buildConfigurationList = 17C209041C21F022004005FC /* Build configuration list for PBXNativeTarget "JCCrescentMenu" */;
			buildPhases = (
				17C208D31C21F022004005FC /* Sources */,
				17C208D41C21F022004005FC /* Frameworks */,
				17C208D51C21F022004005FC /* Resources */,
			);
			buildRules = (
			);
			dependencies = (
			);
			name = JCCrescentMenu;
			productName = JCCrescentMenu;
			productReference = 17C208D71C21F022004005FC /* JCCrescentMenu.app */;
			productType = "com.apple.product-type.application";
		};
		17C208EF1C21F022004005FC /* JCCrescentMenuTests */ = {
			isa = PBXNativeTarget;
			buildConfigurationList = 17C209071C21F022004005FC /* Build configuration list for PBXNativeTarget "JCCrescentMenuTests" */;
			buildPhases = (
				17C208EC1C21F022004005FC /* Sources */,
				17C208ED1C21F022004005FC /* Frameworks */,
				17C208EE1C21F022004005FC /* Resources */,
			);
			buildRules = (
			);
			dependencies = (
				17C208F21C21F022004005FC /* PBXTargetDependency */,
			);
			name = JCCrescentMenuTests;
			productName = JCCrescentMenuTests;
			productReference = 17C208F01C21F022004005FC /* JCCrescentMenuTests.xctest */;
			productType = "com.apple.product-type.bundle.unit-test";
		};
		17C208FA1C21F022004005FC /* JCCrescentMenuUITests */ = {
			isa = PBXNativeTarget;
			buildConfigurationList = 17C2090A1C21F022004005FC /* Build configuration list for PBXNativeTarget "JCCrescentMenuUITests" */;
			buildPhases = (
				17C208F71C21F022004005FC /* Sources */,
				17C208F81C21F022004005FC /* Frameworks */,
				17C208F91C21F022004005FC /* Resources */,
			);
			buildRules = (
			);
			dependencies = (
				17C208FD1C21F022004005FC /* PBXTargetDependency */,
			);
			name = JCCrescentMenuUITests;
			productName = JCCrescentMenuUITests;
			productReference = 17C208FB1C21F022004005FC /* JCCrescentMenuUITests.xctest */;
			productType = "com.apple.product-type.bundle.ui-testing";
		};
/* End PBXNativeTarget section */

/* Begin PBXProject section */
		17C208CF1C21F022004005FC /* Project object */ = {
			isa = PBXProject;
			attributes = {
				LastUpgradeCheck = 0710;
				ORGANIZATIONNAME = "Jordan Coff";
				TargetAttributes = {
					17C208D61C21F022004005FC = {
						CreatedOnToolsVersion = 7.1;
					};
					17C208EF1C21F022004005FC = {
						CreatedOnToolsVersion = 7.1;
						TestTargetID = 17C208D61C21F022004005FC;
					};
					17C208FA1C21F022004005FC = {
						CreatedOnToolsVersion = 7.1;
						TestTargetID = 17C208D61C21F022004005FC;
					};
				};
			};
			buildConfigurationList = 17C208D21C21F022004005FC /* Build configuration list for PBXProject "JCCrescentMenu" */;
			compatibilityVersion = "Xcode 3.2";
			developmentRegion = English;
			hasScannedForEncodings = 0;
			knownRegions = (
				en,
				Base,
			);
			mainGroup = 17C208CE1C21F022004005FC;
			productRefGroup = 17C208D81C21F022004005FC /* Products */;
			projectDirPath = "";
			projectRoot = "";
			targets = (
				17C208D61C21F022004005FC /* JCCrescentMenu */,
				17C208EF1C21F022004005FC /* JCCrescentMenuTests */,
				17C208FA1C21F022004005FC /* JCCrescentMenuUITests */,
			);
		};
/* End PBXProject section */

/* Begin PBXResourcesBuildPhase section */
		17C208D51C21F022004005FC /* Resources */ = {
			isa = PBXResourcesBuildPhase;
			buildActionMask = 2147483647;
			files = (
				172D1CDA1C8D19080066E92B /* glyphicons-39-plane.png in Resources */,
				172D1CE01C8D196E0066E92B /* glyphicons-775-directions.png in Resources */,
				172D1CA61C8D00200066E92B /* close_menu_iphone.png in Resources */,
				172D1CC21C8D003A0066E92B /* glyphicons-103-bold.png in Resources */,
				172D1CC51C8D003A0066E92B /* glyphicons-281-settings.png in Resources */,
				172D1CC01C8D003A0066E92B /* glyphicons-101-font.png in Resources */,
				172D1CC41C8D003A0066E92B /* glyphicons-105-text-strike.png in Resources */,
				172D1CBF1C8D003A0066E92B /* Main.storyboard in Resources */,
				172D1CDE1C8D194F0066E92B /* glyphicons-307-bicycle.png in Resources */,
				172D1CC11C8D003A0066E92B /* glyphicons-102-italic.png in Resources */,
				172D1CE41C8DEEC10066E92B /* JCCrescentMenuAllOpen.tiff in Resources */,
				172D1CD61C8D18CA0066E92B /* glyphicons-563-person-walking.png in Resources */,
				172D1CDC1C8D191C0066E92B /* glyphicons-32-bus.png in Resources */,
				172D1CC31C8D003A0066E92B /* glyphicons-104-text-underline.png in Resources */,
				172D1CC61C8D003A0066E92B /* Info.plist in Resources */,
				172D1CE61C8DEEC10066E92B /* JCCrescentMenuOpen.gif in Resources */,
				172D1CBE1C8D003A0066E92B /* LaunchScreen.storyboard in Resources */,
				172D1CD81C8D18DA0066E92B /* glyphicons-569-taxi.png in Resources */,
				172D1CBD1C8D003A0066E92B /* Assets.xcassets in Resources */,
				172D1CE51C8DEEC10066E92B /* JCCrescentMenuClose.gif in Resources */,
				172D1CA81C8D00200066E92B /* open_menu_iphone.png in Resources */,
			);
			runOnlyForDeploymentPostprocessing = 0;
		};
		17C208EE1C21F022004005FC /* Resources */ = {
			isa = PBXResourcesBuildPhase;
			buildActionMask = 2147483647;
			files = (
			);
			runOnlyForDeploymentPostprocessing = 0;
		};
		17C208F91C21F022004005FC /* Resources */ = {
			isa = PBXResourcesBuildPhase;
			buildActionMask = 2147483647;
			files = (
			);
			runOnlyForDeploymentPostprocessing = 0;
		};
/* End PBXResourcesBuildPhase section */

/* Begin PBXSourcesBuildPhase section */
		17C208D31C21F022004005FC /* Sources */ = {
			isa = PBXSourcesBuildPhase;
			buildActionMask = 2147483647;
			files = (
				172D1CBC1C8D003A0066E92B /* AppDelegate.m in Sources */,
				172D1CC71C8D003A0066E92B /* main.m in Sources */,
				172D1CC81C8D003A0066E92B /* ViewController.m in Sources */,
				172D1CA71C8D00200066E92B /* JCCrescentMenu.m in Sources */,
			);
			runOnlyForDeploymentPostprocessing = 0;
		};
		17C208EC1C21F022004005FC /* Sources */ = {
			isa = PBXSourcesBuildPhase;
			buildActionMask = 2147483647;
			files = (
				17C208F51C21F022004005FC /* JCCrescentMenuTests.m in Sources */,
			);
			runOnlyForDeploymentPostprocessing = 0;
		};
		17C208F71C21F022004005FC /* Sources */ = {
			isa = PBXSourcesBuildPhase;
			buildActionMask = 2147483647;
			files = (
				17C209001C21F022004005FC /* JCCrescentMenuUITests.m in Sources */,
			);
			runOnlyForDeploymentPostprocessing = 0;
		};
/* End PBXSourcesBuildPhase section */

/* Begin PBXTargetDependency section */
		17C208F21C21F022004005FC /* PBXTargetDependency */ = {
			isa = PBXTargetDependency;
			target = 17C208D61C21F022004005FC /* JCCrescentMenu */;
			targetProxy = 17C208F11C21F022004005FC /* PBXContainerItemProxy */;
		};
		17C208FD1C21F022004005FC /* PBXTargetDependency */ = {
			isa = PBXTargetDependency;
			target = 17C208D61C21F022004005FC /* JCCrescentMenu */;
			targetProxy = 17C208FC1C21F022004005FC /* PBXContainerItemProxy */;
		};
/* End PBXTargetDependency section */

/* Begin PBXVariantGroup section */
		172D1CAD1C8D003A0066E92B /* LaunchScreen.storyboard */ = {
			isa = PBXVariantGroup;
			children = (
				172D1CAE1C8D003A0066E92B /* Base */,
			);
			name = LaunchScreen.storyboard;
			sourceTree = "<group>";
		};
		172D1CAF1C8D003A0066E92B /* Main.storyboard */ = {
			isa = PBXVariantGroup;
			children = (
				172D1CB01C8D003A0066E92B /* Base */,
			);
			name = Main.storyboard;
			sourceTree = "<group>";
		};
/* End PBXVariantGroup section */

/* Begin XCBuildConfiguration section */
		17C209021C21F022004005FC /* Debug */ = {
			isa = XCBuildConfiguration;
			buildSettings = {
				ALWAYS_SEARCH_USER_PATHS = NO;
				CLANG_CXX_LANGUAGE_STANDARD = "gnu++0x";
				CLANG_CXX_LIBRARY = "libc++";
				CLANG_ENABLE_MODULES = YES;
				CLANG_ENABLE_OBJC_ARC = YES;
				CLANG_WARN_BOOL_CONVERSION = YES;
				CLANG_WARN_CONSTANT_CONVERSION = YES;
				CLANG_WARN_DIRECT_OBJC_ISA_USAGE = YES_ERROR;
				CLANG_WARN_EMPTY_BODY = YES;
				CLANG_WARN_ENUM_CONVERSION = YES;
				CLANG_WARN_INT_CONVERSION = YES;
				CLANG_WARN_OBJC_ROOT_CLASS = YES_ERROR;
				CLANG_WARN_UNREACHABLE_CODE = YES;
				CLANG_WARN__DUPLICATE_METHOD_MATCH = YES;
				"CODE_SIGN_IDENTITY[sdk=iphoneos*]" = "iPhone Developer";
				COPY_PHASE_STRIP = NO;
				DEBUG_INFORMATION_FORMAT = dwarf;
				ENABLE_STRICT_OBJC_MSGSEND = YES;
				ENABLE_TESTABILITY = YES;
				GCC_C_LANGUAGE_STANDARD = gnu99;
				GCC_DYNAMIC_NO_PIC = NO;
				GCC_NO_COMMON_BLOCKS = YES;
				GCC_OPTIMIZATION_LEVEL = 0;
				GCC_PREPROCESSOR_DEFINITIONS = (
					"DEBUG=1",
					"$(inherited)",
				);
				GCC_WARN_64_TO_32_BIT_CONVERSION = YES;
				GCC_WARN_ABOUT_RETURN_TYPE = YES_ERROR;
				GCC_WARN_UNDECLARED_SELECTOR = YES;
				GCC_WARN_UNINITIALIZED_AUTOS = YES_AGGRESSIVE;
				GCC_WARN_UNUSED_FUNCTION = YES;
				GCC_WARN_UNUSED_VARIABLE = YES;
				IPHONEOS_DEPLOYMENT_TARGET = 9.1;
				MTL_ENABLE_DEBUG_INFO = YES;
				ONLY_ACTIVE_ARCH = YES;
				SDKROOT = iphoneos;
				TARGETED_DEVICE_FAMILY = "1,2";
			};
			name = Debug;
		};
		17C209031C21F022004005FC /* Release */ = {
			isa = XCBuildConfiguration;
			buildSettings = {
				ALWAYS_SEARCH_USER_PATHS = NO;
				CLANG_CXX_LANGUAGE_STANDARD = "gnu++0x";
				CLANG_CXX_LIBRARY = "libc++";
				CLANG_ENABLE_MODULES = YES;
				CLANG_ENABLE_OBJC_ARC = YES;
				CLANG_WARN_BOOL_CONVERSION = YES;
				CLANG_WARN_CONSTANT_CONVERSION = YES;
				CLANG_WARN_DIRECT_OBJC_ISA_USAGE = YES_ERROR;
				CLANG_WARN_EMPTY_BODY = YES;
				CLANG_WARN_ENUM_CONVERSION = YES;
				CLANG_WARN_INT_CONVERSION = YES;
				CLANG_WARN_OBJC_ROOT_CLASS = YES_ERROR;
				CLANG_WARN_UNREACHABLE_CODE = YES;
				CLANG_WARN__DUPLICATE_METHOD_MATCH = YES;
				"CODE_SIGN_IDENTITY[sdk=iphoneos*]" = "iPhone Developer";
				COPY_PHASE_STRIP = NO;
				DEBUG_INFORMATION_FORMAT = "dwarf-with-dsym";
				ENABLE_NS_ASSERTIONS = NO;
				ENABLE_STRICT_OBJC_MSGSEND = YES;
				GCC_C_LANGUAGE_STANDARD = gnu99;
				GCC_NO_COMMON_BLOCKS = YES;
				GCC_WARN_64_TO_32_BIT_CONVERSION = YES;
				GCC_WARN_ABOUT_RETURN_TYPE = YES_ERROR;
				GCC_WARN_UNDECLARED_SELECTOR = YES;
				GCC_WARN_UNINITIALIZED_AUTOS = YES_AGGRESSIVE;
				GCC_WARN_UNUSED_FUNCTION = YES;
				GCC_WARN_UNUSED_VARIABLE = YES;
				IPHONEOS_DEPLOYMENT_TARGET = 9.1;
				MTL_ENABLE_DEBUG_INFO = NO;
				SDKROOT = iphoneos;
				TARGETED_DEVICE_FAMILY = "1,2";
				VALIDATE_PRODUCT = YES;
			};
			name = Release;
		};
		17C209051C21F022004005FC /* Debug */ = {
			isa = XCBuildConfiguration;
			buildSettings = {
				ASSETCATALOG_COMPILER_APPICON_NAME = AppIcon;
				INFOPLIST_FILE = JCCrescentMenu/Example/Info.plist;
				LD_RUNPATH_SEARCH_PATHS = "$(inherited) @executable_path/Frameworks";
				PRODUCT_BUNDLE_IDENTIFIER = "Jordan-Coff.JCCrescentMenu";
				PRODUCT_NAME = "$(TARGET_NAME)";
			};
			name = Debug;
		};
		17C209061C21F022004005FC /* Release */ = {
			isa = XCBuildConfiguration;
			buildSettings = {
				ASSETCATALOG_COMPILER_APPICON_NAME = AppIcon;
				INFOPLIST_FILE = JCCrescentMenu/Example/Info.plist;
				LD_RUNPATH_SEARCH_PATHS = "$(inherited) @executable_path/Frameworks";
				PRODUCT_BUNDLE_IDENTIFIER = "Jordan-Coff.JCCrescentMenu";
				PRODUCT_NAME = "$(TARGET_NAME)";
			};
			name = Release;
		};
		17C209081C21F022004005FC /* Debug */ = {
			isa = XCBuildConfiguration;
			buildSettings = {
				BUNDLE_LOADER = "$(TEST_HOST)";
				INFOPLIST_FILE = JCCrescentMenuTests/Info.plist;
				LD_RUNPATH_SEARCH_PATHS = "$(inherited) @executable_path/Frameworks @loader_path/Frameworks";
				PRODUCT_BUNDLE_IDENTIFIER = "Jordan-Coff.JCCrescentMenuTests";
				PRODUCT_NAME = "$(TARGET_NAME)";
				TEST_HOST = "$(BUILT_PRODUCTS_DIR)/JCCrescentMenu.app/JCCrescentMenu";
			};
			name = Debug;
		};
		17C209091C21F022004005FC /* Release */ = {
			isa = XCBuildConfiguration;
			buildSettings = {
				BUNDLE_LOADER = "$(TEST_HOST)";
				INFOPLIST_FILE = JCCrescentMenuTests/Info.plist;
				LD_RUNPATH_SEARCH_PATHS = "$(inherited) @executable_path/Frameworks @loader_path/Frameworks";
				PRODUCT_BUNDLE_IDENTIFIER = "Jordan-Coff.JCCrescentMenuTests";
				PRODUCT_NAME = "$(TARGET_NAME)";
				TEST_HOST = "$(BUILT_PRODUCTS_DIR)/JCCrescentMenu.app/JCCrescentMenu";
			};
			name = Release;
		};
		17C2090B1C21F022004005FC /* Debug */ = {
			isa = XCBuildConfiguration;
			buildSettings = {
				INFOPLIST_FILE = JCCrescentMenuUITests/Info.plist;
				LD_RUNPATH_SEARCH_PATHS = "$(inherited) @executable_path/Frameworks @loader_path/Frameworks";
				PRODUCT_BUNDLE_IDENTIFIER = "Jordan-Coff.JCCrescentMenuUITests";
				PRODUCT_NAME = "$(TARGET_NAME)";
				TEST_TARGET_NAME = JCCrescentMenu;
				USES_XCTRUNNER = YES;
			};
			name = Debug;
		};
		17C2090C1C21F022004005FC /* Release */ = {
			isa = XCBuildConfiguration;
			buildSettings = {
				INFOPLIST_FILE = JCCrescentMenuUITests/Info.plist;
				LD_RUNPATH_SEARCH_PATHS = "$(inherited) @executable_path/Frameworks @loader_path/Frameworks";
				PRODUCT_BUNDLE_IDENTIFIER = "Jordan-Coff.JCCrescentMenuUITests";
				PRODUCT_NAME = "$(TARGET_NAME)";
				TEST_TARGET_NAME = JCCrescentMenu;
				USES_XCTRUNNER = YES;
			};
			name = Release;
		};
/* End XCBuildConfiguration section */

/* Begin XCConfigurationList section */
		17C208D21C21F022004005FC /* Build configuration list for PBXProject "JCCrescentMenu" */ = {
			isa = XCConfigurationList;
			buildConfigurations = (
				17C209021C21F022004005FC /* Debug */,
				17C209031C21F022004005FC /* Release */,
			);
			defaultConfigurationIsVisible = 0;
			defaultConfigurationName = Release;
		};
		17C209041C21F022004005FC /* Build configuration list for PBXNativeTarget "JCCrescentMenu" */ = {
			isa = XCConfigurationList;
			buildConfigurations = (
				17C209051C21F022004005FC /* Debug */,
				17C209061C21F022004005FC /* Release */,
			);
			defaultConfigurationIsVisible = 0;
			defaultConfigurationName = Release;
		};
		17C209071C21F022004005FC /* Build configuration list for PBXNativeTarget "JCCrescentMenuTests" */ = {
			isa = XCConfigurationList;
			buildConfigurations = (
				17C209081C21F022004005FC /* Debug */,
				17C209091C21F022004005FC /* Release */,
			);
			defaultConfigurationIsVisible = 0;
			defaultConfigurationName = Release;
		};
		17C2090A1C21F022004005FC /* Build configuration list for PBXNativeTarget "JCCrescentMenuUITests" */ = {
			isa = XCConfigurationList;
			buildConfigurations = (
				17C2090B1C21F022004005FC /* Debug */,
				17C2090C1C21F022004005FC /* Release */,
			);
			defaultConfigurationIsVisible = 0;
			defaultConfigurationName = Release;
		};
/* End XCConfigurationList section */
	};
	rootObject = 17C208CF1C21F022004005FC /* Project object */;
}
